<?xml version="1.0" encoding="utf-8"?>
<Project ToolsVersion="4.0" xmlns="http://schemas.microsoft.com/developer/msbuild/2003">
  <ItemGroup>
    <ClCompile Include="objects\airplanes\biplane.cpp" />
    <ClCompile Include="core\axes.cpp" />
    <ClCompile Include="core\camera.cpp" />
    <ClCompile Include="core\InitShader.cpp" />
    <ClCompile Include="core\openGL.cpp" />
    <ClCompile Include="core\textfile.cpp" />
    <ClCompile Include="core\lighting.cpp" />
    <ClCompile Include="main.cpp" />
    <ClCompile Include="objects\airplanes\airplane.cpp" />
    <ClCompile Include="objects\airplanes\helicopter.cpp" />
    <ClCompile Include="objects\airplanes\airplane1.cpp" />
    <ClCompile Include="objects\cabinet.cpp" />
    <ClCompile Include="objects\chair.cpp" />
    <ClCompile Include="objects\chair1.cpp" />
    <ClCompile Include="objects\computer.cpp" />
    <ClCompile Include="objects\cube\cube.cpp" />
    <ClCompile Include="core\ui.cpp" />
    <ClCompile Include="objects\cylinder\cylinder.cpp" />
    <ClCompile Include="objects\lamp.cpp" />
    <ClCompile Include="objects\plane\plane.cpp" />
    <ClCompile Include="objects\plane\plane2.cpp" />
    <ClCompile Include="objects\shelf.cpp" />
    <ClCompile Include="objects\sphere\sphere.cpp" />
    <ClCompile Include="objects\table.cpp" />
    <ClCompile Include="core\shaders.cpp" />
    <ClCompile Include="objects\testObject.cpp" />
    <ClCompile Include="objects\sign.cpp" />
    <ClCompile Include="objects\airplanes\b52.cpp" />
    <ClCompile Include="objects\fanStore.cpp" />
    <ClCompile Include="objects\keyboard.cpp" />
    <ClCompile Include="objects\mouse.cpp" />
    <ClCompile Include="objects\robo.cpp" />
    <ClCompile Include="objects\fan\fan1.cpp" />
    <ClCompile Include="include\objects\ceilingFan.h" />
    <ClCompile Include="objects\ceilingFan.cpp" />
  </ItemGroup>
  <ItemGroup>
    <ClInclude Include="include\objects\biplane.h" />
    <ClInclude Include="include\core\shaders.h" />
    <ClInclude Include="include\core\stb_image.h" />
    <ClInclude Include="include\objects\chair1.h" />
    <ClInclude Include="include\objects\chair.h" />
    <ClInclude Include="include\objects\helicopter.h" />
    <ClInclude Include="include\objects\airplane1.h" />
    <ClInclude Include="core\mat_old_from_angel.h" />
    <ClInclude Include="include\objects\airplane.h" />
    <ClInclude Include="include\objects\cabinet.h" />
    <ClInclude Include="include\objects\computer.h" />
    <ClInclude Include="include\objects\cylinder.h" />
    <ClInclude Include="include\core\Angel.h" />
    <ClInclude Include="include\core\axes.h" />
    <ClInclude Include="include\core\camera.h" />
    <ClInclude Include="include\core\CheckError.h" />
    <ClInclude Include="include\core\environment.h" />
    <ClInclude Include="include\core\mat.h" />
    <ClInclude Include="include\core\openGL.h" />
    <ClInclude Include="include\core\textfile.h" />
    <ClInclude Include="include\core\vec.h" />
    <ClInclude Include="include\objects\cube.h" />
    <ClInclude Include="include\core\ui.h" />
    <ClInclude Include="include\core\lighting.h" />
    <ClInclude Include="include\objects\plane.h" />
    <ClInclude Include="include\objects\plane2.h" />
    <ClInclude Include="include\objects\shelf.h" />
    <ClInclude Include="include\objects\sign.h" />
    <ClInclude Include="include\objects\sphere.h" />
    <ClInclude Include="include\objects\table.h" />
    <ClInclude Include="include\objects\lamp.h" />
    <ClInclude Include="include\objects\testObject.h" />
    <ClInclude Include="include\objects\b52.h" />
    <ClInclude Include="include\objects\fanStore.h" />
    <ClInclude Include="include\objects\keyboard.h" />
    <ClInclude Include="include\objects\mouse.h" />
    <ClInclude Include="include\objects\robo.h" />
    <ClInclude Include="include\objects\fan1.h" />
  </ItemGroup>
  <ItemGroup>
    <Image Include="..\resources\sphere.jpeg" />
    <Image Include="wall.jpg" />
  </ItemGroup>
  <ItemGroup>
    <None Include="objects\fShader.glsl" />
    <None Include="objects\cube\cube_fshader.glsl" />
    <None Include="objects\cube\cube_vshader.glsl" />
    <None Include="objects\vShader.glsl" />
  </ItemGroup>
</Project>